
Microsoft Visual Studio Solution File, Format Version 12.00
# Visual Studio Version 17
VisualStudioVersion = 17.11.35312.102
MinimumVisualStudioVersion = 10.0.40219.1
Project("{FAE04EC0-301F-11D3-BF4B-00C04F79EFBC}") = "MyTasks", "MyTasks\MyTasks.csproj", "{E49D5D08-A25C-43E4-B947-A18F946DDC39}"
EndProject
Project("{FAE04EC0-301F-11D3-BF4B-00C04F79EFBC}") = "Tasks.1.1_enum", "Tasks.1.1\Tasks.1.1_enum.csproj", "{E55AE9A7-BDF8-4D9C-9C57-E239D89E45FB}"
EndProject
Project("{FAE04EC0-301F-11D3-BF4B-00C04F79EFBC}") = "Tasks.1.2_enum_new", "Tasks.1.2\Tasks.1.2_enum_new.csproj", "{B1807DE9-BCD4-4215-82A6-344A28E6145C}"
EndProject
Project("{2150E333-8FDC-42A3-9474-1A3956D46DE8}") = "Задания", "Задания", "{9C066664-0CCD-4A7C-BDF1-5BC5FF109389}"
EndProject
Project("{2150E333-8FDC-42A3-9474-1A3956D46DE8}") = "ЛичныеИнтересности", "ЛичныеИнтересности", "{C3A117AE-8563-47E9-88CD-D23ACAF9767A}"
EndProject
Project("{FAE04EC0-301F-11D3-BF4B-00C04F79EFBC}") = "GameChatGpt", "GameChatGpt\GameChatGpt.csproj", "{1F64E1D0-70FF-4642-9FB7-313E1E2CB8F5}"
EndProject
Project("{FAE04EC0-301F-11D3-BF4B-00C04F79EFBC}") = "Tasks.1.3_if_else", "Tasks.1.3\Tasks.1.3_if_else.csproj", "{EBC4C401-E748-4B98-A322-36A57F6964F7}"
EndProject
Project("{FAE04EC0-301F-11D3-BF4B-00C04F79EFBC}") = "Tasks.1.4_while", "Tasks1.4\Tasks.1.4_while.csproj", "{687DEA93-1737-4BE2-94CA-F150130C6BE6}"
EndProject
Project("{FAE04EC0-301F-11D3-BF4B-00C04F79EFBC}") = "Tasks.1.5_for_switch", "Tasks.1.5\Tasks.1.5_for_switch.csproj", "{865CC104-1D00-4507-97E6-8574F4C769C9}"
EndProject
Project("{FAE04EC0-301F-11D3-BF4B-00C04F79EFBC}") = "Tasks.1.6_while+", "Tasks.1.6\Tasks.1.6_while+.csproj", "{FD8AC0EC-4E04-40B8-B03E-9E5ED667C436}"
EndProject
Project("{FAE04EC0-301F-11D3-BF4B-00C04F79EFBC}") = "Tasks.1.7_array", "Tasks.1.7\Tasks.1.7_array.csproj", "{1F004F69-BF32-41AD-B8D5-657B07994614}"
EndProject
Project("{FAE04EC0-301F-11D3-BF4B-00C04F79EFBC}") = "Tasks.1.8_array+", "Tasks.1.8_array+\Tasks.1.8_array+.csproj", "{C10DBD1C-2DF2-498A-9DB2-FB05B882FC43}"
EndProject
Project("{FAE04EC0-301F-11D3-BF4B-00C04F79EFBC}") = "GodotName_Tasks", "GodotName\GodotName_Tasks.csproj", "{6578C595-E0A1-4A0F-8355-2C192BC78F7D}"
EndProject
Project("{FAE04EC0-301F-11D3-BF4B-00C04F79EFBC}") = "Tasks.1.9_for+", "Tasks.1.9_foreach\Tasks.1.9_for+.csproj", "{8F0E22A2-8447-4DEB-A2D2-CD461952C3D1}"
EndProject
Project("{FAE04EC0-301F-11D3-BF4B-00C04F79EFBC}") = "Tasks.1.9_ChatGptCode", "Tasks.1.9_ChatGptCode\Tasks.1.9_ChatGptCode.csproj", "{2DDC29C4-94A7-4353-A531-800284B34A97}"
EndProject
Project("{FAE04EC0-301F-11D3-BF4B-00C04F79EFBC}") = "Tasks.2.0_foreach", "Tasks.2.0_foreach\Tasks.2.0_foreach.csproj", "{1E6CED62-E9CA-475D-9B52-4FC3673087EB}"
EndProject
Global
	GlobalSection(SolutionConfigurationPlatforms) = preSolution
		Debug|Any CPU = Debug|Any CPU
		Release|Any CPU = Release|Any CPU
	EndGlobalSection
	GlobalSection(ProjectConfigurationPlatforms) = postSolution
		{E49D5D08-A25C-43E4-B947-A18F946DDC39}.Debug|Any CPU.ActiveCfg = Debug|Any CPU
		{E49D5D08-A25C-43E4-B947-A18F946DDC39}.Debug|Any CPU.Build.0 = Debug|Any CPU
		{E49D5D08-A25C-43E4-B947-A18F946DDC39}.Release|Any CPU.ActiveCfg = Release|Any CPU
		{E49D5D08-A25C-43E4-B947-A18F946DDC39}.Release|Any CPU.Build.0 = Release|Any CPU
		{E55AE9A7-BDF8-4D9C-9C57-E239D89E45FB}.Debug|Any CPU.ActiveCfg = Debug|Any CPU
		{E55AE9A7-BDF8-4D9C-9C57-E239D89E45FB}.Debug|Any CPU.Build.0 = Debug|Any CPU
		{E55AE9A7-BDF8-4D9C-9C57-E239D89E45FB}.Release|Any CPU.ActiveCfg = Release|Any CPU
		{E55AE9A7-BDF8-4D9C-9C57-E239D89E45FB}.Release|Any CPU.Build.0 = Release|Any CPU
		{B1807DE9-BCD4-4215-82A6-344A28E6145C}.Debug|Any CPU.ActiveCfg = Debug|Any CPU
		{B1807DE9-BCD4-4215-82A6-344A28E6145C}.Debug|Any CPU.Build.0 = Debug|Any CPU
		{B1807DE9-BCD4-4215-82A6-344A28E6145C}.Release|Any CPU.ActiveCfg = Release|Any CPU
		{B1807DE9-BCD4-4215-82A6-344A28E6145C}.Release|Any CPU.Build.0 = Release|Any CPU
		{1F64E1D0-70FF-4642-9FB7-313E1E2CB8F5}.Debug|Any CPU.ActiveCfg = Debug|Any CPU
		{1F64E1D0-70FF-4642-9FB7-313E1E2CB8F5}.Debug|Any CPU.Build.0 = Debug|Any CPU
		{1F64E1D0-70FF-4642-9FB7-313E1E2CB8F5}.Release|Any CPU.ActiveCfg = Release|Any CPU
		{1F64E1D0-70FF-4642-9FB7-313E1E2CB8F5}.Release|Any CPU.Build.0 = Release|Any CPU
		{EBC4C401-E748-4B98-A322-36A57F6964F7}.Debug|Any CPU.ActiveCfg = Debug|Any CPU
		{EBC4C401-E748-4B98-A322-36A57F6964F7}.Debug|Any CPU.Build.0 = Debug|Any CPU
		{EBC4C401-E748-4B98-A322-36A57F6964F7}.Release|Any CPU.ActiveCfg = Release|Any CPU
		{EBC4C401-E748-4B98-A322-36A57F6964F7}.Release|Any CPU.Build.0 = Release|Any CPU
		{687DEA93-1737-4BE2-94CA-F150130C6BE6}.Debug|Any CPU.ActiveCfg = Debug|Any CPU
		{687DEA93-1737-4BE2-94CA-F150130C6BE6}.Debug|Any CPU.Build.0 = Debug|Any CPU
		{687DEA93-1737-4BE2-94CA-F150130C6BE6}.Release|Any CPU.ActiveCfg = Release|Any CPU
		{687DEA93-1737-4BE2-94CA-F150130C6BE6}.Release|Any CPU.Build.0 = Release|Any CPU
		{865CC104-1D00-4507-97E6-8574F4C769C9}.Debug|Any CPU.ActiveCfg = Debug|Any CPU
		{865CC104-1D00-4507-97E6-8574F4C769C9}.Debug|Any CPU.Build.0 = Debug|Any CPU
		{865CC104-1D00-4507-97E6-8574F4C769C9}.Release|Any CPU.ActiveCfg = Release|Any CPU
		{865CC104-1D00-4507-97E6-8574F4C769C9}.Release|Any CPU.Build.0 = Release|Any CPU
		{FD8AC0EC-4E04-40B8-B03E-9E5ED667C436}.Debug|Any CPU.ActiveCfg = Debug|Any CPU
		{FD8AC0EC-4E04-40B8-B03E-9E5ED667C436}.Debug|Any CPU.Build.0 = Debug|Any CPU
		{FD8AC0EC-4E04-40B8-B03E-9E5ED667C436}.Release|Any CPU.ActiveCfg = Release|Any CPU
		{FD8AC0EC-4E04-40B8-B03E-9E5ED667C436}.Release|Any CPU.Build.0 = Release|Any CPU
		{1F004F69-BF32-41AD-B8D5-657B07994614}.Debug|Any CPU.ActiveCfg = Debug|Any CPU
		{1F004F69-BF32-41AD-B8D5-657B07994614}.Debug|Any CPU.Build.0 = Debug|Any CPU
		{1F004F69-BF32-41AD-B8D5-657B07994614}.Release|Any CPU.ActiveCfg = Release|Any CPU
		{1F004F69-BF32-41AD-B8D5-657B07994614}.Release|Any CPU.Build.0 = Release|Any CPU
		{C10DBD1C-2DF2-498A-9DB2-FB05B882FC43}.Debug|Any CPU.ActiveCfg = Debug|Any CPU
		{C10DBD1C-2DF2-498A-9DB2-FB05B882FC43}.Debug|Any CPU.Build.0 = Debug|Any CPU
		{C10DBD1C-2DF2-498A-9DB2-FB05B882FC43}.Release|Any CPU.ActiveCfg = Release|Any CPU
		{C10DBD1C-2DF2-498A-9DB2-FB05B882FC43}.Release|Any CPU.Build.0 = Release|Any CPU
		{6578C595-E0A1-4A0F-8355-2C192BC78F7D}.Debug|Any CPU.ActiveCfg = Debug|Any CPU
		{6578C595-E0A1-4A0F-8355-2C192BC78F7D}.Debug|Any CPU.Build.0 = Debug|Any CPU
		{6578C595-E0A1-4A0F-8355-2C192BC78F7D}.Release|Any CPU.ActiveCfg = Release|Any CPU
		{6578C595-E0A1-4A0F-8355-2C192BC78F7D}.Release|Any CPU.Build.0 = Release|Any CPU
		{8F0E22A2-8447-4DEB-A2D2-CD461952C3D1}.Debug|Any CPU.ActiveCfg = Debug|Any CPU
		{8F0E22A2-8447-4DEB-A2D2-CD461952C3D1}.Debug|Any CPU.Build.0 = Debug|Any CPU
		{8F0E22A2-8447-4DEB-A2D2-CD461952C3D1}.Release|Any CPU.ActiveCfg = Release|Any CPU
		{8F0E22A2-8447-4DEB-A2D2-CD461952C3D1}.Release|Any CPU.Build.0 = Release|Any CPU
		{2DDC29C4-94A7-4353-A531-800284B34A97}.Debug|Any CPU.ActiveCfg = Debug|Any CPU
		{2DDC29C4-94A7-4353-A531-800284B34A97}.Debug|Any CPU.Build.0 = Debug|Any CPU
		{2DDC29C4-94A7-4353-A531-800284B34A97}.Release|Any CPU.ActiveCfg = Release|Any CPU
		{2DDC29C4-94A7-4353-A531-800284B34A97}.Release|Any CPU.Build.0 = Release|Any CPU
		{1E6CED62-E9CA-475D-9B52-4FC3673087EB}.Debug|Any CPU.ActiveCfg = Debug|Any CPU
		{1E6CED62-E9CA-475D-9B52-4FC3673087EB}.Debug|Any CPU.Build.0 = Debug|Any CPU
		{1E6CED62-E9CA-475D-9B52-4FC3673087EB}.Release|Any CPU.ActiveCfg = Release|Any CPU
		{1E6CED62-E9CA-475D-9B52-4FC3673087EB}.Release|Any CPU.Build.0 = Release|Any CPU
	EndGlobalSection
	GlobalSection(SolutionProperties) = preSolution
		HideSolutionNode = FALSE
	EndGlobalSection
	GlobalSection(NestedProjects) = preSolution
		{E49D5D08-A25C-43E4-B947-A18F946DDC39} = {9C066664-0CCD-4A7C-BDF1-5BC5FF109389}
		{E55AE9A7-BDF8-4D9C-9C57-E239D89E45FB} = {9C066664-0CCD-4A7C-BDF1-5BC5FF109389}
		{B1807DE9-BCD4-4215-82A6-344A28E6145C} = {9C066664-0CCD-4A7C-BDF1-5BC5FF109389}
		{1F64E1D0-70FF-4642-9FB7-313E1E2CB8F5} = {C3A117AE-8563-47E9-88CD-D23ACAF9767A}
		{EBC4C401-E748-4B98-A322-36A57F6964F7} = {9C066664-0CCD-4A7C-BDF1-5BC5FF109389}
		{687DEA93-1737-4BE2-94CA-F150130C6BE6} = {9C066664-0CCD-4A7C-BDF1-5BC5FF109389}
		{865CC104-1D00-4507-97E6-8574F4C769C9} = {9C066664-0CCD-4A7C-BDF1-5BC5FF109389}
		{FD8AC0EC-4E04-40B8-B03E-9E5ED667C436} = {9C066664-0CCD-4A7C-BDF1-5BC5FF109389}
		{1F004F69-BF32-41AD-B8D5-657B07994614} = {9C066664-0CCD-4A7C-BDF1-5BC5FF109389}
		{C10DBD1C-2DF2-498A-9DB2-FB05B882FC43} = {9C066664-0CCD-4A7C-BDF1-5BC5FF109389}
		{6578C595-E0A1-4A0F-8355-2C192BC78F7D} = {C3A117AE-8563-47E9-88CD-D23ACAF9767A}
		{8F0E22A2-8447-4DEB-A2D2-CD461952C3D1} = {9C066664-0CCD-4A7C-BDF1-5BC5FF109389}
		{2DDC29C4-94A7-4353-A531-800284B34A97} = {C3A117AE-8563-47E9-88CD-D23ACAF9767A}
		{1E6CED62-E9CA-475D-9B52-4FC3673087EB} = {9C066664-0CCD-4A7C-BDF1-5BC5FF109389}
	EndGlobalSection
	GlobalSection(ExtensibilityGlobals) = postSolution
		SolutionGuid = {804F7106-7465-40FE-9309-F522EBCB4D8E}
	EndGlobalSection
EndGlobal
